
Microsoft Visual Studio Solution File, Format Version 12.00
# Visual Studio Version 16
VisualStudioVersion = 16.0.30621.155
MinimumVisualStudioVersion = 10.0.40219.1
Project("{FAE04EC0-301F-11D3-BF4B-00C04F79EFBC}") = "MsLab7", "MsLab7\MsLab7.csproj", "{30073FF9-9013-4028-B54C-CB1908C0F240}"
EndProject
Global
	GlobalSection(SolutionConfigurationPlatforms) = preSolution
		Debug|Any CPU = Debug|Any CPU
		Release|Any CPU = Release|Any CPU
	EndGlobalSection
	GlobalSection(ProjectConfigurationPlatforms) = postSolution
		{30073FF9-9013-4028-B54C-CB1908C0F240}.Debug|Any CPU.ActiveCfg = Debug|Any CPU
		{30073FF9-9013-4028-B54C-CB1908C0F240}.Debug|Any CPU.Build.0 = Debug|Any CPU
		{30073FF9-9013-4028-B54C-CB1908C0F240}.Release|Any CPU.ActiveCfg = Release|Any CPU
		{30073FF9-9013-4028-B54C-CB1908C0F240}.Release|Any CPU.Build.0 = Release|Any CPU
	EndGlobalSection
	GlobalSection(SolutionProperties) = preSolution
		HideSolutionNode = FALSE
	EndGlobalSection
	GlobalSection(ExtensibilityGlobals) = postSolution
		SolutionGuid = {C8117C3A-A6AA-4D06-94D4-E81269D2D9F4}
	EndGlobalSection
EndGlobal
