
Microsoft Visual Studio Solution File, Format Version 12.00
# Visual Studio Version 16
VisualStudioVersion = 16.0.30413.136
MinimumVisualStudioVersion = 10.0.40219.1
Project("{FAE04EC0-301F-11D3-BF4B-00C04F79EFBC}") = "ModSysLab2", "ModSysLab2\ModSysLab2.csproj", "{CF29D458-2AF4-4B8C-8E0C-D2C30AC1C1A7}"
EndProject
Global
	GlobalSection(SolutionConfigurationPlatforms) = preSolution
		Debug|Any CPU = Debug|Any CPU
		Release|Any CPU = Release|Any CPU
	EndGlobalSection
	GlobalSection(ProjectConfigurationPlatforms) = postSolution
		{CF29D458-2AF4-4B8C-8E0C-D2C30AC1C1A7}.Debug|Any CPU.ActiveCfg = Debug|Any CPU
		{CF29D458-2AF4-4B8C-8E0C-D2C30AC1C1A7}.Debug|Any CPU.Build.0 = Debug|Any CPU
		{CF29D458-2AF4-4B8C-8E0C-D2C30AC1C1A7}.Release|Any CPU.ActiveCfg = Release|Any CPU
		{CF29D458-2AF4-4B8C-8E0C-D2C30AC1C1A7}.Release|Any CPU.Build.0 = Release|Any CPU
	EndGlobalSection
	GlobalSection(SolutionProperties) = preSolution
		HideSolutionNode = FALSE
	EndGlobalSection
	GlobalSection(ExtensibilityGlobals) = postSolution
		SolutionGuid = {99A6B148-1C8D-4740-822B-A1A616994DC2}
	EndGlobalSection
EndGlobal
